{
  "name": "dns-detective",
  "lockfileVersion": 2,
  "requires": true,
  "packages": {
    "": {
      "name": "dns-detective",
      "dependencies": {
        "zod": "^3.22.4"
      },
      "devDependencies": {
        "bun-types": "latest"
      },
      "peerDependencies": {
        "typescript": "^5.0.0"
      }
    },
    "node_modules/@types/node": {
      "version": "20.10.5",
      "dev": true,
      "license": "MIT",
      "dependencies": {
        "undici-types": "~5.26.4"
      }
    },
    "node_modules/@types/node/node_modules/undici-types": {
      "version": "5.26.5",
      "dev": true,
      "license": "MIT"
    },
    "node_modules/@types/ws": {
      "version": "8.5.10",
      "dev": true,
      "license": "MIT",
      "dependencies": {
        "@types/node": "*"
      }
    },
    "node_modules/bun-types": {
      "version": "1.0.20",
      "resolved": "https://registry.npmjs.org/bun-types/-/bun-types-1.0.20.tgz",
      "integrity": "sha512-MB9OwwwNDdolaPBX9TSEq/9WlexEH1n2d5G/fnre/sz0NAzoxYaOgd3cpxNmNGsExMbgxkccSLNcVPV0rrfunA==",
      "dev": true,
      "dependencies": {
        "@types/node": "*",
        "@types/ws": "*",
        "undici-types": "^5.26.4"
      }
    },
    "node_modules/typescript": {
      "version": "5.3.3",
      "license": "Apache-2.0",
      "peer": true,
      "bin": {
        "tsc": "bin/tsc",
        "tsserver": "bin/tsserver"
      },
      "engines": {
        "node": ">=14.17"
      }
    },
    "node_modules/undici-types": {
      "version": "5.28.2",
      "dev": true,
      "license": "MIT"
    },
    "node_modules/zod": {
      "version": "3.22.4",
      "resolved": "https://registry.npmjs.org/zod/-/zod-3.22.4.tgz",
      "integrity": "sha512-iC+8Io04lddc+mVqQ9AZ7OQ2MrUKGN+oIQyq1vemgt46jwCwLfhq7/pwnBnNXXXZb8VTVLKwp9EDkx+ryxIWmg==",
      "funding": {
        "url": "https://github.com/sponsors/colinhacks"
      }
    }
  },
  "dependencies": {
    "@types/node": {
      "version": "20.10.5",
      "dev": true,
      "requires": {
        "undici-types": "~5.26.4"
      },
      "dependencies": {
        "undici-types": {
          "version": "5.26.5",
          "dev": true
        }
      }
    },
    "@types/ws": {
      "version": "8.5.10",
      "dev": true,
      "requires": {
        "@types/node": "*"
      }
    },
    "bun-types": {
      "version": "1.0.20",
      "resolved": "https://registry.npmjs.org/bun-types/-/bun-types-1.0.20.tgz",
      "integrity": "sha512-MB9OwwwNDdolaPBX9TSEq/9WlexEH1n2d5G/fnre/sz0NAzoxYaOgd3cpxNmNGsExMbgxkccSLNcVPV0rrfunA==",
      "dev": true,
      "requires": {
        "@types/node": "*",
        "@types/ws": "*",
        "undici-types": "^5.26.4"
      }
    },
    "typescript": {
      "version": "5.3.3",
      "peer": true
    },
    "undici-types": {
      "version": "5.28.2",
      "dev": true
    },
    "zod": {
      "version": "3.22.4",
      "resolved": "https://registry.npmjs.org/zod/-/zod-3.22.4.tgz",
      "integrity": "sha512-iC+8Io04lddc+mVqQ9AZ7OQ2MrUKGN+oIQyq1vemgt46jwCwLfhq7/pwnBnNXXXZb8VTVLKwp9EDkx+ryxIWmg=="
    }
  }
}
